
Microsoft Visual Studio Solution File, Format Version 12.00
# Visual Studio Version 17
VisualStudioVersion = 17.5.33627.172
MinimumVisualStudioVersion = 10.0.40219.1
Project("{9A19103F-16F7-4668-BE54-9A1E7A4F7556}") = "LocadoraVeiculo", "LocadoraVeiculo\LocadoraVeiculo.csproj", "{AF2C9608-40A2-4E51-B19C-E9F5758851DC}"
EndProject
Project("{2150E333-8FDC-42A3-9474-1A3956D46DE8}") = "1 - Apresentação", "1 - Apresentação", "{3E2D4334-00E8-4537-A422-7A5E688E8801}"
EndProject
Project("{2150E333-8FDC-42A3-9474-1A3956D46DE8}") = "2 - Aplicação", "2 - Aplicação", "{997AF23B-616A-483C-8B94-F2327507A69C}"
EndProject
Project("{2150E333-8FDC-42A3-9474-1A3956D46DE8}") = "3 - Dominio", "3 - Dominio", "{E456DCF7-ADD1-443A-88D5-23C494DB3161}"
EndProject
Project("{2150E333-8FDC-42A3-9474-1A3956D46DE8}") = "4 - Infra", "4 - Infra", "{A1D7901F-FB17-411E-8E41-E0F72EFEDB40}"
EndProject
Project("{2150E333-8FDC-42A3-9474-1A3956D46DE8}") = "5 - Testes", "5 - Testes", "{8C50E93D-FFCE-4C07-A3DC-E4AFF8CF7694}"
EndProject
Project("{9A19103F-16F7-4668-BE54-9A1E7A4F7556}") = "LocadoraVeiculo.Aplicacao", "LocadoraVeiculo.Aplicacao\LocadoraVeiculo.Aplicacao.csproj", "{E566B0CC-8A8F-497E-AB20-F4C79D1A8CCA}"
EndProject
Project("{9A19103F-16F7-4668-BE54-9A1E7A4F7556}") = "LocadoraVeiculo.Dominio", "LocadoraVeiculo.Dominio\LocadoraVeiculo.Dominio.csproj", "{C7661951-5393-4524-AA0D-AB1A7D1BC187}"
EndProject
Project("{2150E333-8FDC-42A3-9474-1A3956D46DE8}") = "TestesUnitarios", "TestesUnitarios", "{062BB5FE-8D05-4434-9613-9213E046748A}"
EndProject
Project("{2150E333-8FDC-42A3-9474-1A3956D46DE8}") = "TestesIntegração", "TestesIntegração", "{217B9201-1DC5-4444-A466-E679F1C017DC}"
EndProject
Project("{9A19103F-16F7-4668-BE54-9A1E7A4F7556}") = "LocadoraVeiculo.TesteUnitario", "LocadoraVeiculo.TesteUnitario\LocadoraVeiculo.TesteUnitario.csproj", "{2CABB2D3-9EF6-4137-92C2-D669A7B2BC22}"
EndProject
Project("{9A19103F-16F7-4668-BE54-9A1E7A4F7556}") = "LocadoraVeiculo.TesteIntegracao", "LocadoraVeiculo.TesteIntegracao\LocadoraVeiculo.TesteIntegracao.csproj", "{8F160C44-CCE0-4CB6-B8CB-E7695E124CAE}"
EndProject
Global
	GlobalSection(SolutionConfigurationPlatforms) = preSolution
		Debug|Any CPU = Debug|Any CPU
		Release|Any CPU = Release|Any CPU
	EndGlobalSection
	GlobalSection(ProjectConfigurationPlatforms) = postSolution
		{AF2C9608-40A2-4E51-B19C-E9F5758851DC}.Debug|Any CPU.ActiveCfg = Debug|Any CPU
		{AF2C9608-40A2-4E51-B19C-E9F5758851DC}.Debug|Any CPU.Build.0 = Debug|Any CPU
		{AF2C9608-40A2-4E51-B19C-E9F5758851DC}.Release|Any CPU.ActiveCfg = Release|Any CPU
		{AF2C9608-40A2-4E51-B19C-E9F5758851DC}.Release|Any CPU.Build.0 = Release|Any CPU
		{E566B0CC-8A8F-497E-AB20-F4C79D1A8CCA}.Debug|Any CPU.ActiveCfg = Debug|Any CPU
		{E566B0CC-8A8F-497E-AB20-F4C79D1A8CCA}.Debug|Any CPU.Build.0 = Debug|Any CPU
		{E566B0CC-8A8F-497E-AB20-F4C79D1A8CCA}.Release|Any CPU.ActiveCfg = Release|Any CPU
		{E566B0CC-8A8F-497E-AB20-F4C79D1A8CCA}.Release|Any CPU.Build.0 = Release|Any CPU
		{C7661951-5393-4524-AA0D-AB1A7D1BC187}.Debug|Any CPU.ActiveCfg = Debug|Any CPU
		{C7661951-5393-4524-AA0D-AB1A7D1BC187}.Debug|Any CPU.Build.0 = Debug|Any CPU
		{C7661951-5393-4524-AA0D-AB1A7D1BC187}.Release|Any CPU.ActiveCfg = Release|Any CPU
		{C7661951-5393-4524-AA0D-AB1A7D1BC187}.Release|Any CPU.Build.0 = Release|Any CPU
		{2CABB2D3-9EF6-4137-92C2-D669A7B2BC22}.Debug|Any CPU.ActiveCfg = Debug|Any CPU
		{2CABB2D3-9EF6-4137-92C2-D669A7B2BC22}.Debug|Any CPU.Build.0 = Debug|Any CPU
		{2CABB2D3-9EF6-4137-92C2-D669A7B2BC22}.Release|Any CPU.ActiveCfg = Release|Any CPU
		{2CABB2D3-9EF6-4137-92C2-D669A7B2BC22}.Release|Any CPU.Build.0 = Release|Any CPU
		{8F160C44-CCE0-4CB6-B8CB-E7695E124CAE}.Debug|Any CPU.ActiveCfg = Debug|Any CPU
		{8F160C44-CCE0-4CB6-B8CB-E7695E124CAE}.Debug|Any CPU.Build.0 = Debug|Any CPU
		{8F160C44-CCE0-4CB6-B8CB-E7695E124CAE}.Release|Any CPU.ActiveCfg = Release|Any CPU
		{8F160C44-CCE0-4CB6-B8CB-E7695E124CAE}.Release|Any CPU.Build.0 = Release|Any CPU
	EndGlobalSection
	GlobalSection(SolutionProperties) = preSolution
		HideSolutionNode = FALSE
	EndGlobalSection
	GlobalSection(NestedProjects) = preSolution
		{AF2C9608-40A2-4E51-B19C-E9F5758851DC} = {3E2D4334-00E8-4537-A422-7A5E688E8801}
		{E566B0CC-8A8F-497E-AB20-F4C79D1A8CCA} = {997AF23B-616A-483C-8B94-F2327507A69C}
		{C7661951-5393-4524-AA0D-AB1A7D1BC187} = {E456DCF7-ADD1-443A-88D5-23C494DB3161}
		{062BB5FE-8D05-4434-9613-9213E046748A} = {8C50E93D-FFCE-4C07-A3DC-E4AFF8CF7694}
		{217B9201-1DC5-4444-A466-E679F1C017DC} = {8C50E93D-FFCE-4C07-A3DC-E4AFF8CF7694}
		{2CABB2D3-9EF6-4137-92C2-D669A7B2BC22} = {217B9201-1DC5-4444-A466-E679F1C017DC}
		{8F160C44-CCE0-4CB6-B8CB-E7695E124CAE} = {062BB5FE-8D05-4434-9613-9213E046748A}
	EndGlobalSection
	GlobalSection(ExtensibilityGlobals) = postSolution
		SolutionGuid = {4B01E791-E2F2-49FC-82A4-B1FB2C069A1C}
	EndGlobalSection
EndGlobal
